
Microsoft Visual Studio Solution File, Format Version 12.00
# Visual Studio 15
VisualStudioVersion = 15.0.27428.2037
MinimumVisualStudioVersion = 10.0.40219.1
Project("{9A19103F-16F7-4668-BE54-9A1E7A4F7556}") = "ducktales.api", "src\ducktales.api\ducktales.api.csproj", "{33D1EC39-E546-4BA3-84EF-E29974EA93CA}"
EndProject
Project("{FAE04EC0-301F-11D3-BF4B-00C04F79EFBC}") = "ducktales.tests", "test\ducktales.tests\ducktales.tests.csproj", "{1AFAB09F-18DF-412A-9BB4-15FDB2BC6D27}"
EndProject
Project("{2150E333-8FDC-42A3-9474-1A3956D46DE8}") = "Solution Files", "Solution Files", "{82F72645-77FB-414B-BF50-689B31A9B3C1}"
ProjectSection(SolutionItems) = preProject
	.gitignore = .gitignore
	bitbucket-pipelines.yml = bitbucket-pipelines.yml
	README.md = README.md
	Dockerfile = Dockerfile
EndProjectSection
EndProject
Project("{FAE04EC0-301F-11D3-BF4B-00C04F79EFBC}") = "ducktales.data", "src\ducktales.data\ducktales.data.csproj", "{C23E3C53-D4EC-46B2-8B1F-474EB712F08D}"
EndProject
Project("{FAE04EC0-301F-11D3-BF4B-00C04F79EFBC}") = "ducktales.models", "src\ducktales.models\ducktales.models.csproj", "{82080387-2FBB-4616-9E58-9266D3C97431}"
EndProject
Global
	GlobalSection(SolutionConfigurationPlatforms) = preSolution
		Debug|Any CPU = Debug|Any CPU
		Release|Any CPU = Release|Any CPU
	EndGlobalSection
	GlobalSection(ProjectConfigurationPlatforms) = postSolution
		{33D1EC39-E546-4BA3-84EF-E29974EA93CA}.Debug|Any CPU.ActiveCfg = Debug|Any CPU
		{33D1EC39-E546-4BA3-84EF-E29974EA93CA}.Debug|Any CPU.Build.0 = Debug|Any CPU
		{33D1EC39-E546-4BA3-84EF-E29974EA93CA}.Release|Any CPU.ActiveCfg = Release|Any CPU
		{33D1EC39-E546-4BA3-84EF-E29974EA93CA}.Release|Any CPU.Build.0 = Release|Any CPU
		{1AFAB09F-18DF-412A-9BB4-15FDB2BC6D27}.Debug|Any CPU.ActiveCfg = Debug|Any CPU
		{1AFAB09F-18DF-412A-9BB4-15FDB2BC6D27}.Debug|Any CPU.Build.0 = Debug|Any CPU
		{1AFAB09F-18DF-412A-9BB4-15FDB2BC6D27}.Release|Any CPU.ActiveCfg = Release|Any CPU
		{1AFAB09F-18DF-412A-9BB4-15FDB2BC6D27}.Release|Any CPU.Build.0 = Release|Any CPU
		{C23E3C53-D4EC-46B2-8B1F-474EB712F08D}.Debug|Any CPU.ActiveCfg = Debug|Any CPU
		{C23E3C53-D4EC-46B2-8B1F-474EB712F08D}.Debug|Any CPU.Build.0 = Debug|Any CPU
		{C23E3C53-D4EC-46B2-8B1F-474EB712F08D}.Release|Any CPU.ActiveCfg = Release|Any CPU
		{C23E3C53-D4EC-46B2-8B1F-474EB712F08D}.Release|Any CPU.Build.0 = Release|Any CPU
		{82080387-2FBB-4616-9E58-9266D3C97431}.Debug|Any CPU.ActiveCfg = Debug|Any CPU
		{82080387-2FBB-4616-9E58-9266D3C97431}.Debug|Any CPU.Build.0 = Debug|Any CPU
		{82080387-2FBB-4616-9E58-9266D3C97431}.Release|Any CPU.ActiveCfg = Release|Any CPU
		{82080387-2FBB-4616-9E58-9266D3C97431}.Release|Any CPU.Build.0 = Release|Any CPU
	EndGlobalSection
	GlobalSection(SolutionProperties) = preSolution
		HideSolutionNode = FALSE
	EndGlobalSection
	GlobalSection(ExtensibilityGlobals) = postSolution
		SolutionGuid = {E854A17A-3174-4273-B70F-8FB032EC6FC2}
	EndGlobalSection
EndGlobal
